// !$*UTF8*$!
{
	archiveVersion = 1;
	classes = {
	};
	objectVersion = 50;
	objects = {

/* Begin PBXBuildFile section */
		3FCC162A220B963200F7B875 /* AppDelegate.swift in Sources */ = {isa = PBXBuildFile; fileRef = 3FCC1629220B963200F7B875 /* AppDelegate.swift */; };
		3FCC162C220B963200F7B875 /* ViewController.swift in Sources */ = {isa = PBXBuildFile; fileRef = 3FCC162B220B963200F7B875 /* ViewController.swift */; };
		3FCC162F220B963200F7B875 /* Main.storyboard in Resources */ = {isa = PBXBuildFile; fileRef = 3FCC162D220B963200F7B875 /* Main.storyboard */; };
		3FCC1632220B963200F7B875 /* TicTacToeBrianW.xcdatamodeld in Sources */ = {isa = PBXBuildFile; fileRef = 3FCC1630220B963200F7B875 /* TicTacToeBrianW.xcdatamodeld */; };
		3FCC1634220B963300F7B875 /* Assets.xcassets in Resources */ = {isa = PBXBuildFile; fileRef = 3FCC1633220B963300F7B875 /* Assets.xcassets */; };
		3FCC1637220B963400F7B875 /* LaunchScreen.storyboard in Resources */ = {isa = PBXBuildFile; fileRef = 3FCC1635220B963400F7B875 /* LaunchScreen.storyboard */; };
		3FCC1642220B963400F7B875 /* TicTacToeBrianWTests.swift in Sources */ = {isa = PBXBuildFile; fileRef = 3FCC1641220B963400F7B875 /* TicTacToeBrianWTests.swift */; };
		3FCC164D220B963400F7B875 /* TicTacToeBrianWUITests.swift in Sources */ = {isa = PBXBuildFile; fileRef = 3FCC164C220B963400F7B875 /* TicTacToeBrianWUITests.swift */; };
/* End PBXBuildFile section */

/* Begin PBXContainerItemProxy section */
		3FCC163E220B963400F7B875 /* PBXContainerItemProxy */ = {
			isa = PBXContainerItemProxy;
			containerPortal = 3FCC161E220B963200F7B875 /* Project object */;
			proxyType = 1;
			remoteGlobalIDString = 3FCC1625220B963200F7B875;
			remoteInfo = TicTacToeBrianW;
		};
		3FCC1649220B963400F7B875 /* PBXContainerItemProxy */ = {
			isa = PBXContainerItemProxy;
			containerPortal = 3FCC161E220B963200F7B875 /* Project object */;
			proxyType = 1;
			remoteGlobalIDString = 3FCC1625220B963200F7B875;
			remoteInfo = TicTacToeBrianW;
		};
/* End PBXContainerItemProxy section */

/* Begin PBXFileReference section */
		3FCC1626220B963200F7B875 /* TicTacToeBrianW.app */ = {isa = PBXFileReference; explicitFileType = wrapper.application; includeInIndex = 0; path = TicTacToeBrianW.app; sourceTree = BUILT_PRODUCTS_DIR; };
		3FCC1629220B963200F7B875 /* AppDelegate.swift */ = {isa = PBXFileReference; lastKnownFileType = sourcecode.swift; path = AppDelegate.swift; sourceTree = "<group>"; };
		3FCC162B220B963200F7B875 /* ViewController.swift */ = {isa = PBXFileReference; lastKnownFileType = sourcecode.swift; path = ViewController.swift; sourceTree = "<group>"; };
		3FCC162E220B963200F7B875 /* Base */ = {isa = PBXFileReference; lastKnownFileType = file.storyboard; name = Base; path = Base.lproj/Main.storyboard; sourceTree = "<group>"; };
		3FCC1631220B963200F7B875 /* TicTacToeBrianW.xcdatamodel */ = {isa = PBXFileReference; lastKnownFileType = wrapper.xcdatamodel; path = TicTacToeBrianW.xcdatamodel; sourceTree = "<group>"; };
		3FCC1633220B963300F7B875 /* Assets.xcassets */ = {isa = PBXFileReference; lastKnownFileType = folder.assetcatalog; path = Assets.xcassets; sourceTree = "<group>"; };
		3FCC1636220B963400F7B875 /* Base */ = {isa = PBXFileReference; lastKnownFileType = file.storyboard; name = Base; path = Base.lproj/LaunchScreen.storyboard; sourceTree = "<group>"; };
		3FCC1638220B963400F7B875 /* Info.plist */ = {isa = PBXFileReference; lastKnownFileType = text.plist.xml; path = Info.plist; sourceTree = "<group>"; };
		3FCC163D220B963400F7B875 /* TicTacToeBrianWTests.xctest */ = {isa = PBXFileReference; explicitFileType = wrapper.cfbundle; includeInIndex = 0; path = TicTacToeBrianWTests.xctest; sourceTree = BUILT_PRODUCTS_DIR; };
		3FCC1641220B963400F7B875 /* TicTacToeBrianWTests.swift */ = {isa = PBXFileReference; lastKnownFileType = sourcecode.swift; path = TicTacToeBrianWTests.swift; sourceTree = "<group>"; };
		3FCC1643220B963400F7B875 /* Info.plist */ = {isa = PBXFileReference; lastKnownFileType = text.plist.xml; path = Info.plist; sourceTree = "<group>"; };
		3FCC1648220B963400F7B875 /* TicTacToeBrianWUITests.xctest */ = {isa = PBXFileReference; explicitFileType = wrapper.cfbundle; includeInIndex = 0; path = TicTacToeBrianWUITests.xctest; sourceTree = BUILT_PRODUCTS_DIR; };
		3FCC164C220B963400F7B875 /* TicTacToeBrianWUITests.swift */ = {isa = PBXFileReference; lastKnownFileType = sourcecode.swift; path = TicTacToeBrianWUITests.swift; sourceTree = "<group>"; };
		3FCC164E220B963400F7B875 /* Info.plist */ = {isa = PBXFileReference; lastKnownFileType = text.plist.xml; path = Info.plist; sourceTree = "<group>"; };
/* End PBXFileReference section */

/* Begin PBXFrameworksBuildPhase section */
		3FCC1623220B963200F7B875 /* Frameworks */ = {
			isa = PBXFrameworksBuildPhase;
			buildActionMask = 2147483647;
			files = (
			);
			runOnlyForDeploymentPostprocessing = 0;
		};
		3FCC163A220B963400F7B875 /* Frameworks */ = {
			isa = PBXFrameworksBuildPhase;
			buildActionMask = 2147483647;
			files = (
			);
			runOnlyForDeploymentPostprocessing = 0;
		};
		3FCC1645220B963400F7B875 /* Frameworks */ = {
			isa = PBXFrameworksBuildPhase;
			buildActionMask = 2147483647;
			files = (
			);
			runOnlyForDeploymentPostprocessing = 0;
		};
/* End PBXFrameworksBuildPhase section */

/* Begin PBXGroup section */
		3FCC161D220B963200F7B875 = {
			isa = PBXGroup;
			children = (
				3FCC1628220B963200F7B875 /* TicTacToeBrianW */,
				3FCC1640220B963400F7B875 /* TicTacToeBrianWTests */,
				3FCC164B220B963400F7B875 /* TicTacToeBrianWUITests */,
				3FCC1627220B963200F7B875 /* Products */,
			);
			sourceTree = "<group>";
		};
		3FCC1627220B963200F7B875 /* Products */ = {
			isa = PBXGroup;
			children = (
				3FCC1626220B963200F7B875 /* TicTacToeBrianW.app */,
				3FCC163D220B963400F7B875 /* TicTacToeBrianWTests.xctest */,
				3FCC1648220B963400F7B875 /* TicTacToeBrianWUITests.xctest */,
			);
			name = Products;
			sourceTree = "<group>";
		};
		3FCC1628220B963200F7B875 /* TicTacToeBrianW */ = {
			isa = PBXGroup;
			children = (
				3FCC1629220B963200F7B875 /* AppDelegate.swift */,
				3FCC162B220B963200F7B875 /* ViewController.swift */,
				3FCC162D220B963200F7B875 /* Main.storyboard */,
				3FCC1633220B963300F7B875 /* Assets.xcassets */,
				3FCC1635220B963400F7B875 /* LaunchScreen.storyboard */,
				3FCC1638220B963400F7B875 /* Info.plist */,
				3FCC1630220B963200F7B875 /* TicTacToeBrianW.xcdatamodeld */,
			);
			path = TicTacToeBrianW;
			sourceTree = "<group>";
		};
		3FCC1640220B963400F7B875 /* TicTacToeBrianWTests */ = {
			isa = PBXGroup;
			children = (
				3FCC1641220B963400F7B875 /* TicTacToeBrianWTests.swift */,
				3FCC1643220B963400F7B875 /* Info.plist */,
			);
			path = TicTacToeBrianWTests;
			sourceTree = "<group>";
		};
		3FCC164B220B963400F7B875 /* TicTacToeBrianWUITests */ = {
			isa = PBXGroup;
			children = (
				3FCC164C220B963400F7B875 /* TicTacToeBrianWUITests.swift */,
				3FCC164E220B963400F7B875 /* Info.plist */,
			);
			path = TicTacToeBrianWUITests;
			sourceTree = "<group>";
		};
/* End PBXGroup section */

/* Begin PBXNativeTarget section */
		3FCC1625220B963200F7B875 /* TicTacToeBrianW */ = {
			isa = PBXNativeTarget;
			buildConfigurationList = 3FCC1651220B963400F7B875 /* Build configuration list for PBXNativeTarget "TicTacToeBrianW" */;
			buildPhases = (
				3FCC1622220B963200F7B875 /* Sources */,
				3FCC1623220B963200F7B875 /* Frameworks */,
				3FCC1624220B963200F7B875 /* Resources */,
			);
			buildRules = (
			);
			dependencies = (
			);
			name = TicTacToeBrianW;
			productName = TicTacToeBrianW;
			productReference = 3FCC1626220B963200F7B875 /* TicTacToeBrianW.app */;
			productType = "com.apple.product-type.application";
		};
		3FCC163C220B963400F7B875 /* TicTacToeBrianWTests */ = {
			isa = PBXNativeTarget;
			buildConfigurationList = 3FCC1654220B963400F7B875 /* Build configuration list for PBXNativeTarget "TicTacToeBrianWTests" */;
			buildPhases = (
				3FCC1639220B963400F7B875 /* Sources */,
				3FCC163A220B963400F7B875 /* Frameworks */,
				3FCC163B220B963400F7B875 /* Resources */,
			);
			buildRules = (
			);
			dependencies = (
				3FCC163F220B963400F7B875 /* PBXTargetDependency */,
			);
			name = TicTacToeBrianWTests;
			productName = TicTacToeBrianWTests;
			productReference = 3FCC163D220B963400F7B875 /* TicTacToeBrianWTests.xctest */;
			productType = "com.apple.product-type.bundle.unit-test";
		};
		3FCC1647220B963400F7B875 /* TicTacToeBrianWUITests */ = {
			isa = PBXNativeTarget;
			buildConfigurationList = 3FCC1657220B963400F7B875 /* Build configuration list for PBXNativeTarget "TicTacToeBrianWUITests" */;
			buildPhases = (
				3FCC1644220B963400F7B875 /* Sources */,
				3FCC1645220B963400F7B875 /* Frameworks */,
				3FCC1646220B963400F7B875 /* Resources */,
			);
			buildRules = (
			);
			dependencies = (
				3FCC164A220B963400F7B875 /* PBXTargetDependency */,
			);
			name = TicTacToeBrianWUITests;
			productName = TicTacToeBrianWUITests;
			productReference = 3FCC1648220B963400F7B875 /* TicTacToeBrianWUITests.xctest */;
			productType = "com.apple.product-type.bundle.ui-testing";
		};
/* End PBXNativeTarget section */

/* Begin PBXProject section */
		3FCC161E220B963200F7B875 /* Project object */ = {
			isa = PBXProject;
			attributes = {
				LastSwiftUpdateCheck = 1010;
				LastUpgradeCheck = 1010;
				ORGANIZATIONNAME = student;
				TargetAttributes = {
					3FCC1625220B963200F7B875 = {
						CreatedOnToolsVersion = 10.1;
					};
					3FCC163C220B963400F7B875 = {
						CreatedOnToolsVersion = 10.1;
						TestTargetID = 3FCC1625220B963200F7B875;
					};
					3FCC1647220B963400F7B875 = {
						CreatedOnToolsVersion = 10.1;
						TestTargetID = 3FCC1625220B963200F7B875;
					};
				};
			};
			buildConfigurationList = 3FCC1621220B963200F7B875 /* Build configuration list for PBXProject "TicTacToeBrianW" */;
			compatibilityVersion = "Xcode 9.3";
			developmentRegion = en;
			hasScannedForEncodings = 0;
			knownRegions = (
				en,
				Base,
			);
			mainGroup = 3FCC161D220B963200F7B875;
			productRefGroup = 3FCC1627220B963200F7B875 /* Products */;
			projectDirPath = "";
			projectRoot = "";
			targets = (
				3FCC1625220B963200F7B875 /* TicTacToeBrianW */,
				3FCC163C220B963400F7B875 /* TicTacToeBrianWTests */,
				3FCC1647220B963400F7B875 /* TicTacToeBrianWUITests */,
			);
		};
/* End PBXProject section */

/* Begin PBXResourcesBuildPhase section */
		3FCC1624220B963200F7B875 /* Resources */ = {
			isa = PBXResourcesBuildPhase;
			buildActionMask = 2147483647;
			files = (
				3FCC1637220B963400F7B875 /* LaunchScreen.storyboard in Resources */,
				3FCC1634220B963300F7B875 /* Assets.xcassets in Resources */,
				3FCC162F220B963200F7B875 /* Main.storyboard in Resources */,
			);
			runOnlyForDeploymentPostprocessing = 0;
		};
		3FCC163B220B963400F7B875 /* Resources */ = {
			isa = PBXResourcesBuildPhase;
			buildActionMask = 2147483647;
			files = (
			);
			runOnlyForDeploymentPostprocessing = 0;
		};
		3FCC1646220B963400F7B875 /* Resources */ = {
			isa = PBXResourcesBuildPhase;
			buildActionMask = 2147483647;
			files = (
			);
			runOnlyForDeploymentPostprocessing = 0;
		};
/* End PBXResourcesBuildPhase section */

/* Begin PBXSourcesBuildPhase section */
		3FCC1622220B963200F7B875 /* Sources */ = {
			isa = PBXSourcesBuildPhase;
			buildActionMask = 2147483647;
			files = (
				3FCC162C220B963200F7B875 /* ViewController.swift in Sources */,
				3FCC1632220B963200F7B875 /* TicTacToeBrianW.xcdatamodeld in Sources */,
				3FCC162A220B963200F7B875 /* AppDelegate.swift in Sources */,
			);
			runOnlyForDeploymentPostprocessing = 0;
		};
		3FCC1639220B963400F7B875 /* Sources */ = {
			isa = PBXSourcesBuildPhase;
			buildActionMask = 2147483647;
			files = (
				3FCC1642220B963400F7B875 /* TicTacToeBrianWTests.swift in Sources */,
			);
			runOnlyForDeploymentPostprocessing = 0;
		};
		3FCC1644220B963400F7B875 /* Sources */ = {
			isa = PBXSourcesBuildPhase;
			buildActionMask = 2147483647;
			files = (
				3FCC164D220B963400F7B875 /* TicTacToeBrianWUITests.swift in Sources */,
			);
			runOnlyForDeploymentPostprocessing = 0;
		};
/* End PBXSourcesBuildPhase section */

/* Begin PBXTargetDependency section */
		3FCC163F220B963400F7B875 /* PBXTargetDependency */ = {
			isa = PBXTargetDependency;
			target = 3FCC1625220B963200F7B875 /* TicTacToeBrianW */;
			targetProxy = 3FCC163E220B963400F7B875 /* PBXContainerItemProxy */;
		};
		3FCC164A220B963400F7B875 /* PBXTargetDependency */ = {
			isa = PBXTargetDependency;
			target = 3FCC1625220B963200F7B875 /* TicTacToeBrianW */;
			targetProxy = 3FCC1649220B963400F7B875 /* PBXContainerItemProxy */;
		};
/* End PBXTargetDependency section */

/* Begin PBXVariantGroup section */
		3FCC162D220B963200F7B875 /* Main.storyboard */ = {
			isa = PBXVariantGroup;
			children = (
				3FCC162E220B963200F7B875 /* Base */,
			);
			name = Main.storyboard;
			sourceTree = "<group>";
		};
		3FCC1635220B963400F7B875 /* LaunchScreen.storyboard */ = {
			isa = PBXVariantGroup;
			children = (
				3FCC1636220B963400F7B875 /* Base */,
			);
			name = LaunchScreen.storyboard;
			sourceTree = "<group>";
		};
/* End PBXVariantGroup section */

/* Begin XCBuildConfiguration section */
		3FCC164F220B963400F7B875 /* Debug */ = {
			isa = XCBuildConfiguration;
			buildSettings = {
				ALWAYS_SEARCH_USER_PATHS = NO;
				CLANG_ANALYZER_NONNULL = YES;
				CLANG_ANALYZER_NUMBER_OBJECT_CONVERSION = YES_AGGRESSIVE;
				CLANG_CXX_LANGUAGE_STANDARD = "gnu++14";
				CLANG_CXX_LIBRARY = "libc++";
				CLANG_ENABLE_MODULES = YES;
				CLANG_ENABLE_OBJC_ARC = YES;
				CLANG_ENABLE_OBJC_WEAK = YES;
				CLANG_WARN_BLOCK_CAPTURE_AUTORELEASING = YES;
				CLANG_WARN_BOOL_CONVERSION = YES;
				CLANG_WARN_COMMA = YES;
				CLANG_WARN_CONSTANT_CONVERSION = YES;
				CLANG_WARN_DEPRECATED_OBJC_IMPLEMENTATIONS = YES;
				CLANG_WARN_DIRECT_OBJC_ISA_USAGE = YES_ERROR;
				CLANG_WARN_DOCUMENTATION_COMMENTS = YES;
				CLANG_WARN_EMPTY_BODY = YES;
				CLANG_WARN_ENUM_CONVERSION = YES;
				CLANG_WARN_INFINITE_RECURSION = YES;
				CLANG_WARN_INT_CONVERSION = YES;
				CLANG_WARN_NON_LITERAL_NULL_CONVERSION = YES;
				CLANG_WARN_OBJC_IMPLICIT_RETAIN_SELF = YES;
				CLANG_WARN_OBJC_LITERAL_CONVERSION = YES;
				CLANG_WARN_OBJC_ROOT_CLASS = YES_ERROR;
				CLANG_WARN_RANGE_LOOP_ANALYSIS = YES;
				CLANG_WARN_STRICT_PROTOTYPES = YES;
				CLANG_WARN_SUSPICIOUS_MOVE = YES;
				CLANG_WARN_UNGUARDED_AVAILABILITY = YES_AGGRESSIVE;
				CLANG_WARN_UNREACHABLE_CODE = YES;
				CLANG_WARN__DUPLICATE_METHOD_MATCH = YES;
				CODE_SIGN_IDENTITY = "iPhone Developer";
				COPY_PHASE_STRIP = NO;
				DEBUG_INFORMATION_FORMAT = dwarf;
				ENABLE_STRICT_OBJC_MSGSEND = YES;
				ENABLE_TESTABILITY = YES;
				GCC_C_LANGUAGE_STANDARD = gnu11;
				GCC_DYNAMIC_NO_PIC = NO;
				GCC_NO_COMMON_BLOCKS = YES;
				GCC_OPTIMIZATION_LEVEL = 0;
				GCC_PREPROCESSOR_DEFINITIONS = (
					"DEBUG=1",
					"$(inherited)",
				);
				GCC_WARN_64_TO_32_BIT_CONVERSION = YES;
				GCC_WARN_ABOUT_RETURN_TYPE = YES_ERROR;
				GCC_WARN_UNDECLARED_SELECTOR = YES;
				GCC_WARN_UNINITIALIZED_AUTOS = YES_AGGRESSIVE;
				GCC_WARN_UNUSED_FUNCTION = YES;
				GCC_WARN_UNUSED_VARIABLE = YES;
				IPHONEOS_DEPLOYMENT_TARGET = 12.1;
				MTL_ENABLE_DEBUG_INFO = INCLUDE_SOURCE;
				MTL_FAST_MATH = YES;
				ONLY_ACTIVE_ARCH = YES;
				SDKROOT = iphoneos;
				SWIFT_ACTIVE_COMPILATION_CONDITIONS = DEBUG;
				SWIFT_OPTIMIZATION_LEVEL = "-Onone";
			};
			name = Debug;
		};
		3FCC1650220B963400F7B875 /* Release */ = {
			isa = XCBuildConfiguration;
			buildSettings = {
				ALWAYS_SEARCH_USER_PATHS = NO;
				CLANG_ANALYZER_NONNULL = YES;
				CLANG_ANALYZER_NUMBER_OBJECT_CONVERSION = YES_AGGRESSIVE;
				CLANG_CXX_LANGUAGE_STANDARD = "gnu++14";
				CLANG_CXX_LIBRARY = "libc++";
				CLANG_ENABLE_MODULES = YES;
				CLANG_ENABLE_OBJC_ARC = YES;
				CLANG_ENABLE_OBJC_WEAK = YES;
				CLANG_WARN_BLOCK_CAPTURE_AUTORELEASING = YES;
				CLANG_WARN_BOOL_CONVERSION = YES;
				CLANG_WARN_COMMA = YES;
				CLANG_WARN_CONSTANT_CONVERSION = YES;
				CLANG_WARN_DEPRECATED_OBJC_IMPLEMENTATIONS = YES;
				CLANG_WARN_DIRECT_OBJC_ISA_USAGE = YES_ERROR;
				CLANG_WARN_DOCUMENTATION_COMMENTS = YES;
				CLANG_WARN_EMPTY_BODY = YES;
				CLANG_WARN_ENUM_CONVERSION = YES;
				CLANG_WARN_INFINITE_RECURSION = YES;
				CLANG_WARN_INT_CONVERSION = YES;
				CLANG_WARN_NON_LITERAL_NULL_CONVERSION = YES;
				CLANG_WARN_OBJC_IMPLICIT_RETAIN_SELF = YES;
				CLANG_WARN_OBJC_LITERAL_CONVERSION = YES;
				CLANG_WARN_OBJC_ROOT_CLASS = YES_ERROR;
				CLANG_WARN_RANGE_LOOP_ANALYSIS = YES;
				CLANG_WARN_STRICT_PROTOTYPES = YES;
				CLANG_WARN_SUSPICIOUS_MOVE = YES;
				CLANG_WARN_UNGUARDED_AVAILABILITY = YES_AGGRESSIVE;
				CLANG_WARN_UNREACHABLE_CODE = YES;
				CLANG_WARN__DUPLICATE_METHOD_MATCH = YES;
				CODE_SIGN_IDENTITY = "iPhone Developer";
				COPY_PHASE_STRIP = NO;
				DEBUG_INFORMATION_FORMAT = "dwarf-with-dsym";
				ENABLE_NS_ASSERTIONS = NO;
				ENABLE_STRICT_OBJC_MSGSEND = YES;
				GCC_C_LANGUAGE_STANDARD = gnu11;
				GCC_NO_COMMON_BLOCKS = YES;
				GCC_WARN_64_TO_32_BIT_CONVERSION = YES;
				GCC_WARN_ABOUT_RETURN_TYPE = YES_ERROR;
				GCC_WARN_UNDECLARED_SELECTOR = YES;
				GCC_WARN_UNINITIALIZED_AUTOS = YES_AGGRESSIVE;
				GCC_WARN_UNUSED_FUNCTION = YES;
				GCC_WARN_UNUSED_VARIABLE = YES;
				IPHONEOS_DEPLOYMENT_TARGET = 12.1;
				MTL_ENABLE_DEBUG_INFO = NO;
				MTL_FAST_MATH = YES;
				SDKROOT = iphoneos;
				SWIFT_COMPILATION_MODE = wholemodule;
				SWIFT_OPTIMIZATION_LEVEL = "-O";
				VALIDATE_PRODUCT = YES;
			};
			name = Release;
		};
		3FCC1652220B963400F7B875 /* Debug */ = {
			isa = XCBuildConfiguration;
			buildSettings = {
				ASSETCATALOG_COMPILER_APPICON_NAME = AppIcon;
				CODE_SIGN_STYLE = Automatic;
				DEVELOPMENT_TEAM = VLL5PXFDUH;
				INFOPLIST_FILE = TicTacToeBrianW/Info.plist;
				LD_RUNPATH_SEARCH_PATHS = (
					"$(inherited)",
					"@executable_path/Frameworks",
				);
				PRODUCT_BUNDLE_IDENTIFIER = net.wawczak.brian.TicTacToeBrianW;
				PRODUCT_NAME = "$(TARGET_NAME)";
				SWIFT_VERSION = 4.2;
				TARGETED_DEVICE_FAMILY = "1,2";
			};
			name = Debug;
		};
		3FCC1653220B963400F7B875 /* Release */ = {
			isa = XCBuildConfiguration;
			buildSettings = {
				ASSETCATALOG_COMPILER_APPICON_NAME = AppIcon;
				CODE_SIGN_STYLE = Automatic;
				DEVELOPMENT_TEAM = VLL5PXFDUH;
				INFOPLIST_FILE = TicTacToeBrianW/Info.plist;
				LD_RUNPATH_SEARCH_PATHS = (
					"$(inherited)",
					"@executable_path/Frameworks",
				);
				PRODUCT_BUNDLE_IDENTIFIER = net.wawczak.brian.TicTacToeBrianW;
				PRODUCT_NAME = "$(TARGET_NAME)";
				SWIFT_VERSION = 4.2;
				TARGETED_DEVICE_FAMILY = "1,2";
			};
			name = Release;
		};
		3FCC1655220B963400F7B875 /* Debug */ = {
			isa = XCBuildConfiguration;
			buildSettings = {
				ALWAYS_EMBED_SWIFT_STANDARD_LIBRARIES = YES;
				BUNDLE_LOADER = "$(TEST_HOST)";
				CODE_SIGN_STYLE = Automatic;
				DEVELOPMENT_TEAM = VLL5PXFDUH;
				INFOPLIST_FILE = TicTacToeBrianWTests/Info.plist;
				LD_RUNPATH_SEARCH_PATHS = (
					"$(inherited)",
					"@executable_path/Frameworks",
					"@loader_path/Frameworks",
				);
				PRODUCT_BUNDLE_IDENTIFIER = net.wawczak.brian.TicTacToeBrianWTests;
				PRODUCT_NAME = "$(TARGET_NAME)";
				SWIFT_VERSION = 4.2;
				TARGETED_DEVICE_FAMILY = "1,2";
				TEST_HOST = "$(BUILT_PRODUCTS_DIR)/TicTacToeBrianW.app/TicTacToeBrianW";
			};
			name = Debug;
		};
		3FCC1656220B963400F7B875 /* Release */ = {
			isa = XCBuildConfiguration;
			buildSettings = {
				ALWAYS_EMBED_SWIFT_STANDARD_LIBRARIES = YES;
				BUNDLE_LOADER = "$(TEST_HOST)";
				CODE_SIGN_STYLE = Automatic;
				DEVELOPMENT_TEAM = VLL5PXFDUH;
				INFOPLIST_FILE = TicTacToeBrianWTests/Info.plist;
				LD_RUNPATH_SEARCH_PATHS = (
					"$(inherited)",
					"@executable_path/Frameworks",
					"@loader_path/Frameworks",
				);
				PRODUCT_BUNDLE_IDENTIFIER = net.wawczak.brian.TicTacToeBrianWTests;
				PRODUCT_NAME = "$(TARGET_NAME)";
				SWIFT_VERSION = 4.2;
				TARGETED_DEVICE_FAMILY = "1,2";
				TEST_HOST = "$(BUILT_PRODUCTS_DIR)/TicTacToeBrianW.app/TicTacToeBrianW";
			};
			name = Release;
		};
		3FCC1658220B963400F7B875 /* Debug */ = {
			isa = XCBuildConfiguration;
			buildSettings = {
				ALWAYS_EMBED_SWIFT_STANDARD_LIBRARIES = YES;
				CODE_SIGN_STYLE = Automatic;
				DEVELOPMENT_TEAM = VLL5PXFDUH;
				INFOPLIST_FILE = TicTacToeBrianWUITests/Info.plist;
				LD_RUNPATH_SEARCH_PATHS = (
					"$(inherited)",
					"@executable_path/Frameworks",
					"@loader_path/Frameworks",
				);
				PRODUCT_BUNDLE_IDENTIFIER = net.wawczak.brian.TicTacToeBrianWUITests;
				PRODUCT_NAME = "$(TARGET_NAME)";
				SWIFT_VERSION = 4.2;
				TARGETED_DEVICE_FAMILY = "1,2";
				TEST_TARGET_NAME = TicTacToeBrianW;
			};
			name = Debug;
		};
		3FCC1659220B963400F7B875 /* Release */ = {
			isa = XCBuildConfiguration;
			buildSettings = {
				ALWAYS_EMBED_SWIFT_STANDARD_LIBRARIES = YES;
				CODE_SIGN_STYLE = Automatic;
				DEVELOPMENT_TEAM = VLL5PXFDUH;
				INFOPLIST_FILE = TicTacToeBrianWUITests/Info.plist;
				LD_RUNPATH_SEARCH_PATHS = (
					"$(inherited)",
					"@executable_path/Frameworks",
					"@loader_path/Frameworks",
				);
				PRODUCT_BUNDLE_IDENTIFIER = net.wawczak.brian.TicTacToeBrianWUITests;
				PRODUCT_NAME = "$(TARGET_NAME)";
				SWIFT_VERSION = 4.2;
				TARGETED_DEVICE_FAMILY = "1,2";
				TEST_TARGET_NAME = TicTacToeBrianW;
			};
			name = Release;
		};
/* End XCBuildConfiguration section */

/* Begin XCConfigurationList section */
		3FCC1621220B963200F7B875 /* Build configuration list for PBXProject "TicTacToeBrianW" */ = {
			isa = XCConfigurationList;
			buildConfigurations = (
				3FCC164F220B963400F7B875 /* Debug */,
				3FCC1650220B963400F7B875 /* Release */,
			);
			defaultConfigurationIsVisible = 0;
			defaultConfigurationName = Release;
		};
		3FCC1651220B963400F7B875 /* Build configuration list for PBXNativeTarget "TicTacToeBrianW" */ = {
			isa = XCConfigurationList;
			buildConfigurations = (
				3FCC1652220B963400F7B875 /* Debug */,
				3FCC1653220B963400F7B875 /* Release */,
			);
			defaultConfigurationIsVisible = 0;
			defaultConfigurationName = Release;
		};
		3FCC1654220B963400F7B875 /* Build configuration list for PBXNativeTarget "TicTacToeBrianWTests" */ = {
			isa = XCConfigurationList;
			buildConfigurations = (
				3FCC1655220B963400F7B875 /* Debug */,
				3FCC1656220B963400F7B875 /* Release */,
			);
			defaultConfigurationIsVisible = 0;
			defaultConfigurationName = Release;
		};
		3FCC1657220B963400F7B875 /* Build configuration list for PBXNativeTarget "TicTacToeBrianWUITests" */ = {
			isa = XCConfigurationList;
			buildConfigurations = (
				3FCC1658220B963400F7B875 /* Debug */,
				3FCC1659220B963400F7B875 /* Release */,
			);
			defaultConfigurationIsVisible = 0;
			defaultConfigurationName = Release;
		};
/* End XCConfigurationList section */

/* Begin XCVersionGroup section */
		3FCC1630220B963200F7B875 /* TicTacToeBrianW.xcdatamodeld */ = {
			isa = XCVersionGroup;
			children = (
				3FCC1631220B963200F7B875 /* TicTacToeBrianW.xcdatamodel */,
			);
			currentVersion = 3FCC1631220B963200F7B875 /* TicTacToeBrianW.xcdatamodel */;
			path = TicTacToeBrianW.xcdatamodeld;
			sourceTree = "<group>";
			versionGroupType = wrapper.xcdatamodel;
		};
/* End XCVersionGroup section */
	};
	rootObject = 3FCC161E220B963200F7B875 /* Project object */;
}
